
Microsoft Visual Studio Solution File, Format Version 12.00
# Visual Studio 15
VisualStudioVersion = 15.0.27130.2036
MinimumVisualStudioVersion = 10.0.40219.1
Project("{FAE04EC0-301F-11D3-BF4B-00C04F79EFBC}") = "Ex-Sell", "Ex-Sell\Ex-Sell.csproj", "{B23F4B67-6BA1-4668-9F24-ED56FBB165B7}"
EndProject
Project("{FAE04EC0-301F-11D3-BF4B-00C04F79EFBC}") = "BusinessLogicLayer", "BusinessLogicLayer\BusinessLogicLayer.csproj", "{EB5A5185-DB44-456B-91C5-FD49D46D0E5D}"
EndProject
Project("{FAE04EC0-301F-11D3-BF4B-00C04F79EFBC}") = "DataAccessLayer", "DataAccessLayer\DataAccessLayer.csproj", "{6FD861DC-7EFC-470D-9AE3-B8B481F179AF}"
EndProject
Project("{FAE04EC0-301F-11D3-BF4B-00C04F79EFBC}") = "OnlineSupport", "OnlineSupport\OnlineSupport.csproj", "{2D6893CC-7D67-4A94-90E0-5457B514258E}"
EndProject
Global
	GlobalSection(SolutionConfigurationPlatforms) = preSolution
		Debug|Any CPU = Debug|Any CPU
		Release|Any CPU = Release|Any CPU
	EndGlobalSection
	GlobalSection(ProjectConfigurationPlatforms) = postSolution
		{B23F4B67-6BA1-4668-9F24-ED56FBB165B7}.Debug|Any CPU.ActiveCfg = Debug|Any CPU
		{B23F4B67-6BA1-4668-9F24-ED56FBB165B7}.Debug|Any CPU.Build.0 = Debug|Any CPU
		{B23F4B67-6BA1-4668-9F24-ED56FBB165B7}.Release|Any CPU.ActiveCfg = Release|Any CPU
		{B23F4B67-6BA1-4668-9F24-ED56FBB165B7}.Release|Any CPU.Build.0 = Release|Any CPU
		{EB5A5185-DB44-456B-91C5-FD49D46D0E5D}.Debug|Any CPU.ActiveCfg = Debug|Any CPU
		{EB5A5185-DB44-456B-91C5-FD49D46D0E5D}.Debug|Any CPU.Build.0 = Debug|Any CPU
		{EB5A5185-DB44-456B-91C5-FD49D46D0E5D}.Release|Any CPU.ActiveCfg = Release|Any CPU
		{EB5A5185-DB44-456B-91C5-FD49D46D0E5D}.Release|Any CPU.Build.0 = Release|Any CPU
		{6FD861DC-7EFC-470D-9AE3-B8B481F179AF}.Debug|Any CPU.ActiveCfg = Debug|Any CPU
		{6FD861DC-7EFC-470D-9AE3-B8B481F179AF}.Debug|Any CPU.Build.0 = Debug|Any CPU
		{6FD861DC-7EFC-470D-9AE3-B8B481F179AF}.Release|Any CPU.ActiveCfg = Release|Any CPU
		{6FD861DC-7EFC-470D-9AE3-B8B481F179AF}.Release|Any CPU.Build.0 = Release|Any CPU
		{2D6893CC-7D67-4A94-90E0-5457B514258E}.Debug|Any CPU.ActiveCfg = Debug|Any CPU
		{2D6893CC-7D67-4A94-90E0-5457B514258E}.Debug|Any CPU.Build.0 = Debug|Any CPU
		{2D6893CC-7D67-4A94-90E0-5457B514258E}.Release|Any CPU.ActiveCfg = Release|Any CPU
		{2D6893CC-7D67-4A94-90E0-5457B514258E}.Release|Any CPU.Build.0 = Release|Any CPU
	EndGlobalSection
	GlobalSection(SolutionProperties) = preSolution
		HideSolutionNode = FALSE
	EndGlobalSection
	GlobalSection(ExtensibilityGlobals) = postSolution
		SolutionGuid = {69915AE0-AA1C-4A55-B46A-70D7F65CA4B0}
	EndGlobalSection
EndGlobal
